
Microsoft Visual Studio Solution File, Format Version 12.00
# Visual Studio Version 17
VisualStudioVersion = 17.12.35707.178 d17.12
MinimumVisualStudioVersion = 10.0.40219.1
Project("{FAE04EC0-301F-11D3-BF4B-00C04F79EFBC}") = "NaderResume.Data", "NaderResume.Data\NaderResume.Data.csproj", "{96002F2D-B36E-4911-A5BD-4058C372CC41}"
EndProject
Project("{FAE04EC0-301F-11D3-BF4B-00C04F79EFBC}") = "NaderResume.Business", "NaderResume.Business\NaderResume.Business.csproj", "{4CCB1D84-9D9C-45AA-9DD6-2FEE30E7106E}"
EndProject
Project("{FAE04EC0-301F-11D3-BF4B-00C04F79EFBC}") = "NaderResume.Web", "NaderResume.Web\NaderResume.Web.csproj", "{F62A3B3E-26E7-433B-ACB5-B28413DC0269}"
EndProject
Global
	GlobalSection(SolutionConfigurationPlatforms) = preSolution
		Debug|Any CPU = Debug|Any CPU
		Release|Any CPU = Release|Any CPU
	EndGlobalSection
	GlobalSection(ProjectConfigurationPlatforms) = postSolution
		{96002F2D-B36E-4911-A5BD-4058C372CC41}.Debug|Any CPU.ActiveCfg = Debug|Any CPU
		{96002F2D-B36E-4911-A5BD-4058C372CC41}.Debug|Any CPU.Build.0 = Debug|Any CPU
		{96002F2D-B36E-4911-A5BD-4058C372CC41}.Release|Any CPU.ActiveCfg = Release|Any CPU
		{96002F2D-B36E-4911-A5BD-4058C372CC41}.Release|Any CPU.Build.0 = Release|Any CPU
		{4CCB1D84-9D9C-45AA-9DD6-2FEE30E7106E}.Debug|Any CPU.ActiveCfg = Debug|Any CPU
		{4CCB1D84-9D9C-45AA-9DD6-2FEE30E7106E}.Debug|Any CPU.Build.0 = Debug|Any CPU
		{4CCB1D84-9D9C-45AA-9DD6-2FEE30E7106E}.Release|Any CPU.ActiveCfg = Release|Any CPU
		{4CCB1D84-9D9C-45AA-9DD6-2FEE30E7106E}.Release|Any CPU.Build.0 = Release|Any CPU
		{F62A3B3E-26E7-433B-ACB5-B28413DC0269}.Debug|Any CPU.ActiveCfg = Debug|Any CPU
		{F62A3B3E-26E7-433B-ACB5-B28413DC0269}.Debug|Any CPU.Build.0 = Debug|Any CPU
		{F62A3B3E-26E7-433B-ACB5-B28413DC0269}.Release|Any CPU.ActiveCfg = Release|Any CPU
		{F62A3B3E-26E7-433B-ACB5-B28413DC0269}.Release|Any CPU.Build.0 = Release|Any CPU
	EndGlobalSection
	GlobalSection(SolutionProperties) = preSolution
		HideSolutionNode = FALSE
	EndGlobalSection
EndGlobal
